
Microsoft Visual Studio Solution File, Format Version 12.00
# Visual Studio 15
VisualStudioVersion = 15.0.27009.1
MinimumVisualStudioVersion = 10.0.40219.1
Project("{9A19103F-16F7-4668-BE54-9A1E7A4F7556}") = "web", "web\web.csproj", "{CE1A19A9-7A8A-44FC-914D-F5C59919858E}"
EndProject
Project("{9A19103F-16F7-4668-BE54-9A1E7A4F7556}") = "backend", "backend\backend\backend.csproj", "{06985E9D-E407-40D0-8B4B-334B5BDDA515}"
EndProject
Global
	GlobalSection(SolutionConfigurationPlatforms) = preSolution
		Debug|Any CPU = Debug|Any CPU
		Release|Any CPU = Release|Any CPU
	EndGlobalSection
	GlobalSection(ProjectConfigurationPlatforms) = postSolution
		{CE1A19A9-7A8A-44FC-914D-F5C59919858E}.Debug|Any CPU.ActiveCfg = Debug|Any CPU
		{CE1A19A9-7A8A-44FC-914D-F5C59919858E}.Debug|Any CPU.Build.0 = Debug|Any CPU
		{CE1A19A9-7A8A-44FC-914D-F5C59919858E}.Release|Any CPU.ActiveCfg = Release|Any CPU
		{CE1A19A9-7A8A-44FC-914D-F5C59919858E}.Release|Any CPU.Build.0 = Release|Any CPU
		{06985E9D-E407-40D0-8B4B-334B5BDDA515}.Debug|Any CPU.ActiveCfg = Debug|Any CPU
		{06985E9D-E407-40D0-8B4B-334B5BDDA515}.Debug|Any CPU.Build.0 = Debug|Any CPU
		{06985E9D-E407-40D0-8B4B-334B5BDDA515}.Release|Any CPU.ActiveCfg = Release|Any CPU
		{06985E9D-E407-40D0-8B4B-334B5BDDA515}.Release|Any CPU.Build.0 = Release|Any CPU
	EndGlobalSection
	GlobalSection(SolutionProperties) = preSolution
		HideSolutionNode = FALSE
	EndGlobalSection
	GlobalSection(ExtensibilityGlobals) = postSolution
		SolutionGuid = {EC89A750-7310-4EEA-B2A6-9A51460E604E}
	EndGlobalSection
EndGlobal
